
Microsoft Visual Studio Solution File, Format Version 12.00
# Visual Studio Version 17
VisualStudioVersion = 17.12.35527.113
MinimumVisualStudioVersion = 10.0.40219.1
Project("{8BC9CEB8-8B4A-11D0-8D11-00A0C91BC942}") = "Secret Entrance", "Secret Entrance\Secret Entrance.vcxproj", "{5C9F675D-0DCE-4FA1-A84E-2B87E824959F}"
EndProject
Project("{8BC9CEB8-8B4A-11D0-8D11-00A0C91BC942}") = "Gift Shop", "Gift Shop\Gift Shop.vcxproj", "{42072D5B-E087-47F9-BC66-D4D1C499F2AC}"
EndProject
Project("{2150E333-8FDC-42A3-9474-1A3956D46DE8}") = "Solution Items", "Solution Items", "{60602018-55E7-4324-A646-93EF81F65D94}"
	ProjectSection(SolutionItems) = preProject
		.gitignore = .gitignore
	EndProjectSection
EndProject
Project("{8BC9CEB8-8B4A-11D0-8D11-00A0C91BC942}") = "Lobby", "Lobby\Lobby.vcxproj", "{773FAD5C-2D99-4E2C-9DF8-DAA46F36245E}"
EndProject
Project("{8BC9CEB8-8B4A-11D0-8D11-00A0C91BC942}") = "Printing Department", "Printing Department\Printing Department.vcxproj", "{D5EEB6A1-3FF0-46B2-A5B9-BCF6AC34D299}"
EndProject
Project("{8BC9CEB8-8B4A-11D0-8D11-00A0C91BC942}") = "Cafeteria", "Cafeteria\Cafeteria.vcxproj", "{FB2EEB99-AC29-4BDA-BB0F-21BA7B3E71D7}"
EndProject
Project("{8BC9CEB8-8B4A-11D0-8D11-00A0C91BC942}") = "Trash Compactor", "Trash Compactor\Trash Compactor.vcxproj", "{DDF43270-4F1E-4357-AF3D-DD6AC89260B9}"
EndProject
Project("{8BC9CEB8-8B4A-11D0-8D11-00A0C91BC942}") = "Laboratories", "Laboratories\Laboratories.vcxproj", "{FA63F623-3EA7-4A0E-BAFA-0872FAF79E18}"
EndProject
Project("{8BC9CEB8-8B4A-11D0-8D11-00A0C91BC942}") = "Playground", "Playground\Playground.vcxproj", "{6698466F-5E11-438E-9960-957AD366069C}"
EndProject
Global
	GlobalSection(SolutionConfigurationPlatforms) = preSolution
		Debug|x64 = Debug|x64
		Debug|x86 = Debug|x86
		Release|x64 = Release|x64
		Release|x86 = Release|x86
	EndGlobalSection
	GlobalSection(ProjectConfigurationPlatforms) = postSolution
		{5C9F675D-0DCE-4FA1-A84E-2B87E824959F}.Debug|x64.ActiveCfg = Debug|x64
		{5C9F675D-0DCE-4FA1-A84E-2B87E824959F}.Debug|x64.Build.0 = Debug|x64
		{5C9F675D-0DCE-4FA1-A84E-2B87E824959F}.Debug|x86.ActiveCfg = Debug|Win32
		{5C9F675D-0DCE-4FA1-A84E-2B87E824959F}.Debug|x86.Build.0 = Debug|Win32
		{5C9F675D-0DCE-4FA1-A84E-2B87E824959F}.Release|x64.ActiveCfg = Release|x64
		{5C9F675D-0DCE-4FA1-A84E-2B87E824959F}.Release|x64.Build.0 = Release|x64
		{5C9F675D-0DCE-4FA1-A84E-2B87E824959F}.Release|x86.ActiveCfg = Release|Win32
		{5C9F675D-0DCE-4FA1-A84E-2B87E824959F}.Release|x86.Build.0 = Release|Win32
		{42072D5B-E087-47F9-BC66-D4D1C499F2AC}.Debug|x64.ActiveCfg = Debug|x64
		{42072D5B-E087-47F9-BC66-D4D1C499F2AC}.Debug|x64.Build.0 = Debug|x64
		{42072D5B-E087-47F9-BC66-D4D1C499F2AC}.Debug|x86.ActiveCfg = Debug|Win32
		{42072D5B-E087-47F9-BC66-D4D1C499F2AC}.Debug|x86.Build.0 = Debug|Win32
		{42072D5B-E087-47F9-BC66-D4D1C499F2AC}.Release|x64.ActiveCfg = Release|x64
		{42072D5B-E087-47F9-BC66-D4D1C499F2AC}.Release|x64.Build.0 = Release|x64
		{42072D5B-E087-47F9-BC66-D4D1C499F2AC}.Release|x86.ActiveCfg = Release|Win32
		{42072D5B-E087-47F9-BC66-D4D1C499F2AC}.Release|x86.Build.0 = Release|Win32
		{773FAD5C-2D99-4E2C-9DF8-DAA46F36245E}.Debug|x64.ActiveCfg = Debug|x64
		{773FAD5C-2D99-4E2C-9DF8-DAA46F36245E}.Debug|x64.Build.0 = Debug|x64
		{773FAD5C-2D99-4E2C-9DF8-DAA46F36245E}.Debug|x86.ActiveCfg = Debug|Win32
		{773FAD5C-2D99-4E2C-9DF8-DAA46F36245E}.Debug|x86.Build.0 = Debug|Win32
		{773FAD5C-2D99-4E2C-9DF8-DAA46F36245E}.Release|x64.ActiveCfg = Release|x64
		{773FAD5C-2D99-4E2C-9DF8-DAA46F36245E}.Release|x64.Build.0 = Release|x64
		{773FAD5C-2D99-4E2C-9DF8-DAA46F36245E}.Release|x86.ActiveCfg = Release|Win32
		{773FAD5C-2D99-4E2C-9DF8-DAA46F36245E}.Release|x86.Build.0 = Release|Win32
		{D5EEB6A1-3FF0-46B2-A5B9-BCF6AC34D299}.Debug|x64.ActiveCfg = Debug|x64
		{D5EEB6A1-3FF0-46B2-A5B9-BCF6AC34D299}.Debug|x64.Build.0 = Debug|x64
		{D5EEB6A1-3FF0-46B2-A5B9-BCF6AC34D299}.Debug|x86.ActiveCfg = Debug|Win32
		{D5EEB6A1-3FF0-46B2-A5B9-BCF6AC34D299}.Debug|x86.Build.0 = Debug|Win32
		{D5EEB6A1-3FF0-46B2-A5B9-BCF6AC34D299}.Release|x64.ActiveCfg = Release|x64
		{D5EEB6A1-3FF0-46B2-A5B9-BCF6AC34D299}.Release|x64.Build.0 = Release|x64
		{D5EEB6A1-3FF0-46B2-A5B9-BCF6AC34D299}.Release|x86.ActiveCfg = Release|Win32
		{D5EEB6A1-3FF0-46B2-A5B9-BCF6AC34D299}.Release|x86.Build.0 = Release|Win32
		{FB2EEB99-AC29-4BDA-BB0F-21BA7B3E71D7}.Debug|x64.ActiveCfg = Debug|x64
		{FB2EEB99-AC29-4BDA-BB0F-21BA7B3E71D7}.Debug|x64.Build.0 = Debug|x64
		{FB2EEB99-AC29-4BDA-BB0F-21BA7B3E71D7}.Debug|x86.ActiveCfg = Debug|Win32
		{FB2EEB99-AC29-4BDA-BB0F-21BA7B3E71D7}.Debug|x86.Build.0 = Debug|Win32
		{FB2EEB99-AC29-4BDA-BB0F-21BA7B3E71D7}.Release|x64.ActiveCfg = Release|x64
		{FB2EEB99-AC29-4BDA-BB0F-21BA7B3E71D7}.Release|x64.Build.0 = Release|x64
		{FB2EEB99-AC29-4BDA-BB0F-21BA7B3E71D7}.Release|x86.ActiveCfg = Release|Win32
		{FB2EEB99-AC29-4BDA-BB0F-21BA7B3E71D7}.Release|x86.Build.0 = Release|Win32
		{DDF43270-4F1E-4357-AF3D-DD6AC89260B9}.Debug|x64.ActiveCfg = Debug|x64
		{DDF43270-4F1E-4357-AF3D-DD6AC89260B9}.Debug|x64.Build.0 = Debug|x64
		{DDF43270-4F1E-4357-AF3D-DD6AC89260B9}.Debug|x86.ActiveCfg = Debug|Win32
		{DDF43270-4F1E-4357-AF3D-DD6AC89260B9}.Debug|x86.Build.0 = Debug|Win32
		{DDF43270-4F1E-4357-AF3D-DD6AC89260B9}.Release|x64.ActiveCfg = Release|x64
		{DDF43270-4F1E-4357-AF3D-DD6AC89260B9}.Release|x64.Build.0 = Release|x64
		{DDF43270-4F1E-4357-AF3D-DD6AC89260B9}.Release|x86.ActiveCfg = Release|Win32
		{DDF43270-4F1E-4357-AF3D-DD6AC89260B9}.Release|x86.Build.0 = Release|Win32
		{FA63F623-3EA7-4A0E-BAFA-0872FAF79E18}.Debug|x64.ActiveCfg = Debug|x64
		{FA63F623-3EA7-4A0E-BAFA-0872FAF79E18}.Debug|x64.Build.0 = Debug|x64
		{FA63F623-3EA7-4A0E-BAFA-0872FAF79E18}.Debug|x86.ActiveCfg = Debug|Win32
		{FA63F623-3EA7-4A0E-BAFA-0872FAF79E18}.Debug|x86.Build.0 = Debug|Win32
		{FA63F623-3EA7-4A0E-BAFA-0872FAF79E18}.Release|x64.ActiveCfg = Release|x64
		{FA63F623-3EA7-4A0E-BAFA-0872FAF79E18}.Release|x64.Build.0 = Release|x64
		{FA63F623-3EA7-4A0E-BAFA-0872FAF79E18}.Release|x86.ActiveCfg = Release|Win32
		{FA63F623-3EA7-4A0E-BAFA-0872FAF79E18}.Release|x86.Build.0 = Release|Win32
		{6698466F-5E11-438E-9960-957AD366069C}.Debug|x64.ActiveCfg = Debug|x64
		{6698466F-5E11-438E-9960-957AD366069C}.Debug|x64.Build.0 = Debug|x64
		{6698466F-5E11-438E-9960-957AD366069C}.Debug|x86.ActiveCfg = Debug|Win32
		{6698466F-5E11-438E-9960-957AD366069C}.Debug|x86.Build.0 = Debug|Win32
		{6698466F-5E11-438E-9960-957AD366069C}.Release|x64.ActiveCfg = Release|x64
		{6698466F-5E11-438E-9960-957AD366069C}.Release|x64.Build.0 = Release|x64
		{6698466F-5E11-438E-9960-957AD366069C}.Release|x86.ActiveCfg = Release|Win32
		{6698466F-5E11-438E-9960-957AD366069C}.Release|x86.Build.0 = Release|Win32
	EndGlobalSection
	GlobalSection(SolutionProperties) = preSolution
		HideSolutionNode = FALSE
	EndGlobalSection
EndGlobal
